
Microsoft Visual Studio Solution File, Format Version 12.00
# Visual Studio 15
VisualStudioVersion = 15.0.27703.2042
MinimumVisualStudioVersion = 10.0.40219.1
Project("{FAE04EC0-301F-11D3-BF4B-00C04F79EFBC}") = "WFM_Draw_v0.01", "WFM_Draw_v0.01\WFM_Draw_v0.01.csproj", "{22CCA6E7-51E4-4C52-BCE6-B9AEEAA704B9}"
EndProject
Global
	GlobalSection(SolutionConfigurationPlatforms) = preSolution
		Debug|Any CPU = Debug|Any CPU
		Release|Any CPU = Release|Any CPU
	EndGlobalSection
	GlobalSection(ProjectConfigurationPlatforms) = postSolution
		{22CCA6E7-51E4-4C52-BCE6-B9AEEAA704B9}.Debug|Any CPU.ActiveCfg = Debug|Any CPU
		{22CCA6E7-51E4-4C52-BCE6-B9AEEAA704B9}.Debug|Any CPU.Build.0 = Debug|Any CPU
		{22CCA6E7-51E4-4C52-BCE6-B9AEEAA704B9}.Release|Any CPU.ActiveCfg = Release|Any CPU
		{22CCA6E7-51E4-4C52-BCE6-B9AEEAA704B9}.Release|Any CPU.Build.0 = Release|Any CPU
	EndGlobalSection
	GlobalSection(SolutionProperties) = preSolution
		HideSolutionNode = FALSE
	EndGlobalSection
	GlobalSection(ExtensibilityGlobals) = postSolution
		SolutionGuid = {E8A3BCC8-CD73-4F26-96F2-8B4CC0523EB9}
	EndGlobalSection
EndGlobal
